
Microsoft Visual Studio Solution File, Format Version 12.00
# Visual Studio Version 17
VisualStudioVersion = 17.2.32630.192
MinimumVisualStudioVersion = 10.0.40219.1
Project("{FAE04EC0-301F-11D3-BF4B-00C04F79EFBC}") = "multiline_deleter", "deneme\multiline_deleter.csproj", "{FF468B7F-C36C-47A8-8B6A-5CB9E509AF8F}"
EndProject
Global
	GlobalSection(SolutionConfigurationPlatforms) = preSolution
		Debug|Any CPU = Debug|Any CPU
		Release|Any CPU = Release|Any CPU
	EndGlobalSection
	GlobalSection(ProjectConfigurationPlatforms) = postSolution
		{FF468B7F-C36C-47A8-8B6A-5CB9E509AF8F}.Debug|Any CPU.ActiveCfg = Debug|Any CPU
		{FF468B7F-C36C-47A8-8B6A-5CB9E509AF8F}.Debug|Any CPU.Build.0 = Debug|Any CPU
		{FF468B7F-C36C-47A8-8B6A-5CB9E509AF8F}.Release|Any CPU.ActiveCfg = Release|Any CPU
		{FF468B7F-C36C-47A8-8B6A-5CB9E509AF8F}.Release|Any CPU.Build.0 = Release|Any CPU
	EndGlobalSection
	GlobalSection(SolutionProperties) = preSolution
		HideSolutionNode = FALSE
	EndGlobalSection
	GlobalSection(ExtensibilityGlobals) = postSolution
		SolutionGuid = {C2308468-8C42-477F-832D-0AC0F19536DF}
	EndGlobalSection
EndGlobal
